// !$*UTF8*$!
{
	archiveVersion = 1;
	classes = {
	};
	objectVersion = 50;
	objects = {

/* Begin PBXBuildFile section */
		4418EB38255C1C63006BCCC9 /* UltimatePortfolioApp.swift in Sources */ = {isa = PBXBuildFile; fileRef = 4418EB37255C1C63006BCCC9 /* UltimatePortfolioApp.swift */; };
		4418EB3A255C1C63006BCCC9 /* ContentView.swift in Sources */ = {isa = PBXBuildFile; fileRef = 4418EB39255C1C63006BCCC9 /* ContentView.swift */; };
		4418EB3C255C1C65006BCCC9 /* Assets.xcassets in Resources */ = {isa = PBXBuildFile; fileRef = 4418EB3B255C1C65006BCCC9 /* Assets.xcassets */; };
		4418EB3F255C1C65006BCCC9 /* Preview Assets.xcassets in Resources */ = {isa = PBXBuildFile; fileRef = 4418EB3E255C1C65006BCCC9 /* Preview Assets.xcassets */; };
		4418EB49255C2A4C006BCCC9 /* Main.xcdatamodeld in Sources */ = {isa = PBXBuildFile; fileRef = 4418EB47255C2A4C006BCCC9 /* Main.xcdatamodeld */; };
		4418EB4C255C2CF6006BCCC9 /* DataController.swift in Sources */ = {isa = PBXBuildFile; fileRef = 4418EB4B255C2CF6006BCCC9 /* DataController.swift */; };
		44C08FB02566BE9500186950 /* HomeView.swift in Sources */ = {isa = PBXBuildFile; fileRef = 44C08FAF2566BE9500186950 /* HomeView.swift */; };
		44C08FB62566C4C100186950 /* ExternalAccessory.framework in Frameworks */ = {isa = PBXBuildFile; fileRef = 44C08FB52566C4C100186950 /* ExternalAccessory.framework */; };
		44C251E325B6024B007A2F76 /* EditItemView.swift in Sources */ = {isa = PBXBuildFile; fileRef = 44C251E225B6024B007A2F76 /* EditItemView.swift */; };
		44F5A0742576AA710056AAB4 /* ProjectsView.swift in Sources */ = {isa = PBXBuildFile; fileRef = 44F5A0732576AA710056AAB4 /* ProjectsView.swift */; };
		44F5A0822576BE6C0056AAB4 /* Item-CoreDataHelpers.swift in Sources */ = {isa = PBXBuildFile; fileRef = 44F5A0812576BE6C0056AAB4 /* Item-CoreDataHelpers.swift */; };
		44F5A0852576BE8F0056AAB4 /* Project-CoreDataHelpers.swift in Sources */ = {isa = PBXBuildFile; fileRef = 44F5A0842576BE8F0056AAB4 /* Project-CoreDataHelpers.swift */; };
/* End PBXBuildFile section */

/* Begin PBXFileReference section */
		4418EB34255C1C63006BCCC9 /* UltimatePortfolio.app */ = {isa = PBXFileReference; explicitFileType = wrapper.application; includeInIndex = 0; path = UltimatePortfolio.app; sourceTree = BUILT_PRODUCTS_DIR; };
		4418EB37255C1C63006BCCC9 /* UltimatePortfolioApp.swift */ = {isa = PBXFileReference; lastKnownFileType = sourcecode.swift; path = UltimatePortfolioApp.swift; sourceTree = "<group>"; };
		4418EB39255C1C63006BCCC9 /* ContentView.swift */ = {isa = PBXFileReference; lastKnownFileType = sourcecode.swift; path = ContentView.swift; sourceTree = "<group>"; };
		4418EB3B255C1C65006BCCC9 /* Assets.xcassets */ = {isa = PBXFileReference; lastKnownFileType = folder.assetcatalog; path = Assets.xcassets; sourceTree = "<group>"; };
		4418EB3E255C1C65006BCCC9 /* Preview Assets.xcassets */ = {isa = PBXFileReference; lastKnownFileType = folder.assetcatalog; path = "Preview Assets.xcassets"; sourceTree = "<group>"; };
		4418EB40255C1C65006BCCC9 /* Info.plist */ = {isa = PBXFileReference; lastKnownFileType = text.plist.xml; path = Info.plist; sourceTree = "<group>"; };
		4418EB48255C2A4C006BCCC9 /* Main.xcdatamodel */ = {isa = PBXFileReference; lastKnownFileType = wrapper.xcdatamodel; path = Main.xcdatamodel; sourceTree = "<group>"; };
		4418EB4B255C2CF6006BCCC9 /* DataController.swift */ = {isa = PBXFileReference; lastKnownFileType = sourcecode.swift; path = DataController.swift; sourceTree = "<group>"; };
		44C08FAF2566BE9500186950 /* HomeView.swift */ = {isa = PBXFileReference; lastKnownFileType = sourcecode.swift; path = HomeView.swift; sourceTree = "<group>"; };
		44C08FB22566C49400186950 /* UltimatePortfolioDebug.entitlements */ = {isa = PBXFileReference; lastKnownFileType = text.plist.entitlements; path = UltimatePortfolioDebug.entitlements; sourceTree = "<group>"; };
		44C08FB52566C4C100186950 /* ExternalAccessory.framework */ = {isa = PBXFileReference; lastKnownFileType = wrapper.framework; name = ExternalAccessory.framework; path = System/Library/Frameworks/ExternalAccessory.framework; sourceTree = SDKROOT; };
		44C251E225B6024B007A2F76 /* EditItemView.swift */ = {isa = PBXFileReference; lastKnownFileType = sourcecode.swift; path = EditItemView.swift; sourceTree = "<group>"; };
		44F5A0732576AA710056AAB4 /* ProjectsView.swift */ = {isa = PBXFileReference; lastKnownFileType = sourcecode.swift; path = ProjectsView.swift; sourceTree = "<group>"; };
		44F5A0812576BE6C0056AAB4 /* Item-CoreDataHelpers.swift */ = {isa = PBXFileReference; lastKnownFileType = sourcecode.swift; path = "Item-CoreDataHelpers.swift"; sourceTree = "<group>"; };
		44F5A0842576BE8F0056AAB4 /* Project-CoreDataHelpers.swift */ = {isa = PBXFileReference; lastKnownFileType = sourcecode.swift; path = "Project-CoreDataHelpers.swift"; sourceTree = "<group>"; };
/* End PBXFileReference section */

/* Begin PBXFrameworksBuildPhase section */
		4418EB31255C1C63006BCCC9 /* Frameworks */ = {
			isa = PBXFrameworksBuildPhase;
			buildActionMask = 2147483647;
			files = (
				44C08FB62566C4C100186950 /* ExternalAccessory.framework in Frameworks */,
			);
			runOnlyForDeploymentPostprocessing = 0;
		};
/* End PBXFrameworksBuildPhase section */

/* Begin PBXGroup section */
		4418EB2B255C1C63006BCCC9 = {
			isa = PBXGroup;
			children = (
				4418EB36255C1C63006BCCC9 /* UltimatePortfolio */,
				4418EB35255C1C63006BCCC9 /* Products */,
				44C08FB42566C4C100186950 /* Frameworks */,
			);
			sourceTree = "<group>";
		};
		4418EB35255C1C63006BCCC9 /* Products */ = {
			isa = PBXGroup;
			children = (
				4418EB34255C1C63006BCCC9 /* UltimatePortfolio.app */,
			);
			name = Products;
			sourceTree = "<group>";
		};
		4418EB36255C1C63006BCCC9 /* UltimatePortfolio */ = {
			isa = PBXGroup;
			children = (
				44C08FB22566C49400186950 /* UltimatePortfolioDebug.entitlements */,
				4418EB37255C1C63006BCCC9 /* UltimatePortfolioApp.swift */,
				4418EB39255C1C63006BCCC9 /* ContentView.swift */,
				44C08FAF2566BE9500186950 /* HomeView.swift */,
				44F5A0732576AA710056AAB4 /* ProjectsView.swift */,
				44F5A0812576BE6C0056AAB4 /* Item-CoreDataHelpers.swift */,
				44C251E225B6024B007A2F76 /* EditItemView.swift */,
				44F5A0842576BE8F0056AAB4 /* Project-CoreDataHelpers.swift */,
				4418EB47255C2A4C006BCCC9 /* Main.xcdatamodeld */,
				4418EB4B255C2CF6006BCCC9 /* DataController.swift */,
				4418EB3B255C1C65006BCCC9 /* Assets.xcassets */,
				4418EB40255C1C65006BCCC9 /* Info.plist */,
				4418EB3D255C1C65006BCCC9 /* Preview Content */,
			);
			path = UltimatePortfolio;
			sourceTree = "<group>";
		};
		4418EB3D255C1C65006BCCC9 /* Preview Content */ = {
			isa = PBXGroup;
			children = (
				4418EB3E255C1C65006BCCC9 /* Preview Assets.xcassets */,
			);
			path = "Preview Content";
			sourceTree = "<group>";
		};
		44C08FB42566C4C100186950 /* Frameworks */ = {
			isa = PBXGroup;
			children = (
				44C08FB52566C4C100186950 /* ExternalAccessory.framework */,
			);
			name = Frameworks;
			sourceTree = "<group>";
		};
/* End PBXGroup section */

/* Begin PBXNativeTarget section */
		4418EB33255C1C63006BCCC9 /* UltimatePortfolio */ = {
			isa = PBXNativeTarget;
			buildConfigurationList = 4418EB43255C1C65006BCCC9 /* Build configuration list for PBXNativeTarget "UltimatePortfolio" */;
			buildPhases = (
				4418EB30255C1C63006BCCC9 /* Sources */,
				4418EB31255C1C63006BCCC9 /* Frameworks */,
				4418EB32255C1C63006BCCC9 /* Resources */,
			);
			buildRules = (
			);
			dependencies = (
			);
			name = UltimatePortfolio;
			productName = UltimatePortfolio;
			productReference = 4418EB34255C1C63006BCCC9 /* UltimatePortfolio.app */;
			productType = "com.apple.product-type.application";
		};
/* End PBXNativeTarget section */

/* Begin PBXProject section */
		4418EB2C255C1C63006BCCC9 /* Project object */ = {
			isa = PBXProject;
			attributes = {
				LastSwiftUpdateCheck = 1210;
				LastUpgradeCheck = 1210;
				TargetAttributes = {
					4418EB33255C1C63006BCCC9 = {
						CreatedOnToolsVersion = 12.1;
					};
				};
			};
			buildConfigurationList = 4418EB2F255C1C63006BCCC9 /* Build configuration list for PBXProject "UltimatePortfolio" */;
			compatibilityVersion = "Xcode 9.3";
			developmentRegion = en;
			hasScannedForEncodings = 0;
			knownRegions = (
				en,
				Base,
			);
			mainGroup = 4418EB2B255C1C63006BCCC9;
			productRefGroup = 4418EB35255C1C63006BCCC9 /* Products */;
			projectDirPath = "";
			projectRoot = "";
			targets = (
				4418EB33255C1C63006BCCC9 /* UltimatePortfolio */,
			);
		};
/* End PBXProject section */

/* Begin PBXResourcesBuildPhase section */
		4418EB32255C1C63006BCCC9 /* Resources */ = {
			isa = PBXResourcesBuildPhase;
			buildActionMask = 2147483647;
			files = (
				4418EB3F255C1C65006BCCC9 /* Preview Assets.xcassets in Resources */,
				4418EB3C255C1C65006BCCC9 /* Assets.xcassets in Resources */,
			);
			runOnlyForDeploymentPostprocessing = 0;
		};
/* End PBXResourcesBuildPhase section */

/* Begin PBXSourcesBuildPhase section */
		4418EB30255C1C63006BCCC9 /* Sources */ = {
			isa = PBXSourcesBuildPhase;
			buildActionMask = 2147483647;
			files = (
				44F5A0742576AA710056AAB4 /* ProjectsView.swift in Sources */,
				4418EB49255C2A4C006BCCC9 /* Main.xcdatamodeld in Sources */,
				44F5A0852576BE8F0056AAB4 /* Project-CoreDataHelpers.swift in Sources */,
				4418EB4C255C2CF6006BCCC9 /* DataController.swift in Sources */,
				4418EB3A255C1C63006BCCC9 /* ContentView.swift in Sources */,
				44C08FB02566BE9500186950 /* HomeView.swift in Sources */,
				4418EB38255C1C63006BCCC9 /* UltimatePortfolioApp.swift in Sources */,
				44F5A0822576BE6C0056AAB4 /* Item-CoreDataHelpers.swift in Sources */,
				44C251E325B6024B007A2F76 /* EditItemView.swift in Sources */,
			);
			runOnlyForDeploymentPostprocessing = 0;
		};
/* End PBXSourcesBuildPhase section */

/* Begin XCBuildConfiguration section */
		4418EB41255C1C65006BCCC9 /* Debug */ = {
			isa = XCBuildConfiguration;
			buildSettings = {
				ALWAYS_SEARCH_USER_PATHS = NO;
				CLANG_ANALYZER_NONNULL = YES;
				CLANG_ANALYZER_NUMBER_OBJECT_CONVERSION = YES_AGGRESSIVE;
				CLANG_CXX_LANGUAGE_STANDARD = "gnu++14";
				CLANG_CXX_LIBRARY = "libc++";
				CLANG_ENABLE_MODULES = YES;
				CLANG_ENABLE_OBJC_ARC = YES;
				CLANG_ENABLE_OBJC_WEAK = YES;
				CLANG_WARN_BLOCK_CAPTURE_AUTORELEASING = YES;
				CLANG_WARN_BOOL_CONVERSION = YES;
				CLANG_WARN_COMMA = YES;
				CLANG_WARN_CONSTANT_CONVERSION = YES;
				CLANG_WARN_DEPRECATED_OBJC_IMPLEMENTATIONS = YES;
				CLANG_WARN_DIRECT_OBJC_ISA_USAGE = YES_ERROR;
				CLANG_WARN_DOCUMENTATION_COMMENTS = YES;
				CLANG_WARN_EMPTY_BODY = YES;
				CLANG_WARN_ENUM_CONVERSION = YES;
				CLANG_WARN_INFINITE_RECURSION = YES;
				CLANG_WARN_INT_CONVERSION = YES;
				CLANG_WARN_NON_LITERAL_NULL_CONVERSION = YES;
				CLANG_WARN_OBJC_IMPLICIT_RETAIN_SELF = YES;
				CLANG_WARN_OBJC_LITERAL_CONVERSION = YES;
				CLANG_WARN_OBJC_ROOT_CLASS = YES_ERROR;
				CLANG_WARN_QUOTED_INCLUDE_IN_FRAMEWORK_HEADER = YES;
				CLANG_WARN_RANGE_LOOP_ANALYSIS = YES;
				CLANG_WARN_STRICT_PROTOTYPES = YES;
				CLANG_WARN_SUSPICIOUS_MOVE = YES;
				CLANG_WARN_UNGUARDED_AVAILABILITY = YES_AGGRESSIVE;
				CLANG_WARN_UNREACHABLE_CODE = YES;
				CLANG_WARN__DUPLICATE_METHOD_MATCH = YES;
				COPY_PHASE_STRIP = NO;
				DEBUG_INFORMATION_FORMAT = dwarf;
				ENABLE_STRICT_OBJC_MSGSEND = YES;
				ENABLE_TESTABILITY = YES;
				GCC_C_LANGUAGE_STANDARD = gnu11;
				GCC_DYNAMIC_NO_PIC = NO;
				GCC_NO_COMMON_BLOCKS = YES;
				GCC_OPTIMIZATION_LEVEL = 0;
				GCC_PREPROCESSOR_DEFINITIONS = (
					"DEBUG=1",
					"$(inherited)",
				);
				GCC_WARN_64_TO_32_BIT_CONVERSION = YES;
				GCC_WARN_ABOUT_RETURN_TYPE = YES_ERROR;
				GCC_WARN_UNDECLARED_SELECTOR = YES;
				GCC_WARN_UNINITIALIZED_AUTOS = YES_AGGRESSIVE;
				GCC_WARN_UNUSED_FUNCTION = YES;
				GCC_WARN_UNUSED_VARIABLE = YES;
				IPHONEOS_DEPLOYMENT_TARGET = 14.1;
				MTL_ENABLE_DEBUG_INFO = INCLUDE_SOURCE;
				MTL_FAST_MATH = YES;
				ONLY_ACTIVE_ARCH = YES;
				SDKROOT = iphoneos;
				SWIFT_ACTIVE_COMPILATION_CONDITIONS = DEBUG;
				SWIFT_OPTIMIZATION_LEVEL = "-Onone";
			};
			name = Debug;
		};
		4418EB42255C1C65006BCCC9 /* Release */ = {
			isa = XCBuildConfiguration;
			buildSettings = {
				ALWAYS_SEARCH_USER_PATHS = NO;
				CLANG_ANALYZER_NONNULL = YES;
				CLANG_ANALYZER_NUMBER_OBJECT_CONVERSION = YES_AGGRESSIVE;
				CLANG_CXX_LANGUAGE_STANDARD = "gnu++14";
				CLANG_CXX_LIBRARY = "libc++";
				CLANG_ENABLE_MODULES = YES;
				CLANG_ENABLE_OBJC_ARC = YES;
				CLANG_ENABLE_OBJC_WEAK = YES;
				CLANG_WARN_BLOCK_CAPTURE_AUTORELEASING = YES;
				CLANG_WARN_BOOL_CONVERSION = YES;
				CLANG_WARN_COMMA = YES;
				CLANG_WARN_CONSTANT_CONVERSION = YES;
				CLANG_WARN_DEPRECATED_OBJC_IMPLEMENTATIONS = YES;
				CLANG_WARN_DIRECT_OBJC_ISA_USAGE = YES_ERROR;
				CLANG_WARN_DOCUMENTATION_COMMENTS = YES;
				CLANG_WARN_EMPTY_BODY = YES;
				CLANG_WARN_ENUM_CONVERSION = YES;
				CLANG_WARN_INFINITE_RECURSION = YES;
				CLANG_WARN_INT_CONVERSION = YES;
				CLANG_WARN_NON_LITERAL_NULL_CONVERSION = YES;
				CLANG_WARN_OBJC_IMPLICIT_RETAIN_SELF = YES;
				CLANG_WARN_OBJC_LITERAL_CONVERSION = YES;
				CLANG_WARN_OBJC_ROOT_CLASS = YES_ERROR;
				CLANG_WARN_QUOTED_INCLUDE_IN_FRAMEWORK_HEADER = YES;
				CLANG_WARN_RANGE_LOOP_ANALYSIS = YES;
				CLANG_WARN_STRICT_PROTOTYPES = YES;
				CLANG_WARN_SUSPICIOUS_MOVE = YES;
				CLANG_WARN_UNGUARDED_AVAILABILITY = YES_AGGRESSIVE;
				CLANG_WARN_UNREACHABLE_CODE = YES;
				CLANG_WARN__DUPLICATE_METHOD_MATCH = YES;
				COPY_PHASE_STRIP = NO;
				DEBUG_INFORMATION_FORMAT = "dwarf-with-dsym";
				ENABLE_NS_ASSERTIONS = NO;
				ENABLE_STRICT_OBJC_MSGSEND = YES;
				GCC_C_LANGUAGE_STANDARD = gnu11;
				GCC_NO_COMMON_BLOCKS = YES;
				GCC_WARN_64_TO_32_BIT_CONVERSION = YES;
				GCC_WARN_ABOUT_RETURN_TYPE = YES_ERROR;
				GCC_WARN_UNDECLARED_SELECTOR = YES;
				GCC_WARN_UNINITIALIZED_AUTOS = YES_AGGRESSIVE;
				GCC_WARN_UNUSED_FUNCTION = YES;
				GCC_WARN_UNUSED_VARIABLE = YES;
				IPHONEOS_DEPLOYMENT_TARGET = 14.1;
				MTL_ENABLE_DEBUG_INFO = NO;
				MTL_FAST_MATH = YES;
				SDKROOT = iphoneos;
				SWIFT_COMPILATION_MODE = wholemodule;
				SWIFT_OPTIMIZATION_LEVEL = "-O";
				VALIDATE_PRODUCT = YES;
			};
			name = Release;
		};
		4418EB44255C1C65006BCCC9 /* Debug */ = {
			isa = XCBuildConfiguration;
			buildSettings = {
				ASSETCATALOG_COMPILER_APPICON_NAME = AppIcon;
				ASSETCATALOG_COMPILER_GLOBAL_ACCENT_COLOR_NAME = AccentColor;
				CODE_SIGN_ENTITLEMENTS = UltimatePortfolio/UltimatePortfolioDebug.entitlements;
				CODE_SIGN_STYLE = Automatic;
				DEVELOPMENT_ASSET_PATHS = "\"UltimatePortfolio/Preview Content\"";
				DEVELOPMENT_TEAM = M77GE2VD4Q;
				ENABLE_PREVIEWS = YES;
				INFOPLIST_FILE = UltimatePortfolio/Info.plist;
				IPHONEOS_DEPLOYMENT_TARGET = 14.0;
				LD_RUNPATH_SEARCH_PATHS = (
					"$(inherited)",
					"@executable_path/Frameworks",
				);
				PRODUCT_BUNDLE_IDENTIFIER = com.ravi.UltimatePortfolio;
				PRODUCT_NAME = "$(TARGET_NAME)";
				SWIFT_VERSION = 5.0;
				TARGETED_DEVICE_FAMILY = "1,2";
			};
			name = Debug;
		};
		4418EB45255C1C65006BCCC9 /* Release */ = {
			isa = XCBuildConfiguration;
			buildSettings = {
				ASSETCATALOG_COMPILER_APPICON_NAME = AppIcon;
				ASSETCATALOG_COMPILER_GLOBAL_ACCENT_COLOR_NAME = AccentColor;
				CODE_SIGN_STYLE = Automatic;
				DEVELOPMENT_ASSET_PATHS = "\"UltimatePortfolio/Preview Content\"";
				DEVELOPMENT_TEAM = M77GE2VD4Q;
				ENABLE_PREVIEWS = YES;
				INFOPLIST_FILE = UltimatePortfolio/Info.plist;
				IPHONEOS_DEPLOYMENT_TARGET = 14.0;
				LD_RUNPATH_SEARCH_PATHS = (
					"$(inherited)",
					"@executable_path/Frameworks",
				);
				PRODUCT_BUNDLE_IDENTIFIER = com.ravi.UltimatePortfolio;
				PRODUCT_NAME = "$(TARGET_NAME)";
				SWIFT_VERSION = 5.0;
				TARGETED_DEVICE_FAMILY = "1,2";
			};
			name = Release;
		};
/* End XCBuildConfiguration section */

/* Begin XCConfigurationList section */
		4418EB2F255C1C63006BCCC9 /* Build configuration list for PBXProject "UltimatePortfolio" */ = {
			isa = XCConfigurationList;
			buildConfigurations = (
				4418EB41255C1C65006BCCC9 /* Debug */,
				4418EB42255C1C65006BCCC9 /* Release */,
			);
			defaultConfigurationIsVisible = 0;
			defaultConfigurationName = Release;
		};
		4418EB43255C1C65006BCCC9 /* Build configuration list for PBXNativeTarget "UltimatePortfolio" */ = {
			isa = XCConfigurationList;
			buildConfigurations = (
				4418EB44255C1C65006BCCC9 /* Debug */,
				4418EB45255C1C65006BCCC9 /* Release */,
			);
			defaultConfigurationIsVisible = 0;
			defaultConfigurationName = Release;
		};
/* End XCConfigurationList section */

/* Begin XCVersionGroup section */
		4418EB47255C2A4C006BCCC9 /* Main.xcdatamodeld */ = {
			isa = XCVersionGroup;
			children = (
				4418EB48255C2A4C006BCCC9 /* Main.xcdatamodel */,
			);
			currentVersion = 4418EB48255C2A4C006BCCC9 /* Main.xcdatamodel */;
			path = Main.xcdatamodeld;
			sourceTree = "<group>";
			versionGroupType = wrapper.xcdatamodel;
		};
/* End XCVersionGroup section */
	};
	rootObject = 4418EB2C255C1C63006BCCC9 /* Project object */;
}
